
Microsoft Visual Studio Solution File, Format Version 12.00
# Visual Studio Version 17
VisualStudioVersion = 17.0.31903.59
MinimumVisualStudioVersion = 10.0.40219.1
Project("{FAE04EC0-301F-11D3-BF4B-00C04F79EFBC}") = "GrafanaGraphqlService", "GrafanaGraphqlService\GrafanaGraphqlService.csproj", "{3055BC97-4A43-437C-9DBF-A08B36E39F75}"
EndProject
Project("{FAE04EC0-301F-11D3-BF4B-00C04F79EFBC}") = "MeasureApi", "MeasureApi\MeasureApi.csproj", "{58E59135-E63D-4513-B89B-C95492EA9C0A}"
EndProject
Global
	GlobalSection(SolutionConfigurationPlatforms) = preSolution
		Debug|Any CPU = Debug|Any CPU
		Release|Any CPU = Release|Any CPU
	EndGlobalSection
	GlobalSection(SolutionProperties) = preSolution
		HideSolutionNode = FALSE
	EndGlobalSection
	GlobalSection(ProjectConfigurationPlatforms) = postSolution
		{3055BC97-4A43-437C-9DBF-A08B36E39F75}.Debug|Any CPU.ActiveCfg = Debug|Any CPU
		{3055BC97-4A43-437C-9DBF-A08B36E39F75}.Debug|Any CPU.Build.0 = Debug|Any CPU
		{3055BC97-4A43-437C-9DBF-A08B36E39F75}.Release|Any CPU.ActiveCfg = Release|Any CPU
		{3055BC97-4A43-437C-9DBF-A08B36E39F75}.Release|Any CPU.Build.0 = Release|Any CPU
		{58E59135-E63D-4513-B89B-C95492EA9C0A}.Debug|Any CPU.ActiveCfg = Debug|Any CPU
		{58E59135-E63D-4513-B89B-C95492EA9C0A}.Debug|Any CPU.Build.0 = Debug|Any CPU
		{58E59135-E63D-4513-B89B-C95492EA9C0A}.Release|Any CPU.ActiveCfg = Release|Any CPU
		{58E59135-E63D-4513-B89B-C95492EA9C0A}.Release|Any CPU.Build.0 = Release|Any CPU
	EndGlobalSection
EndGlobal
